{
  "requires": true,
  "lockfileVersion": 1,
  "dependencies": {
    "@types/chrome": {
      "version": "0.0.77",
      "resolved": "https://registry.npmjs.org/@types/chrome/-/chrome-0.0.77.tgz",
      "integrity": "sha512-VPjm9KeAbwNM0gY8wFGCqO45N382xxiUhgGaiqQPai/NmLNOHBl6w6m71seq566Na0v/+skcWozzyalmX/FMIg==",
      "dev": true,
      "requires": {
        "@types/filesystem": "*"
      }
    },
    "@types/filesystem": {
      "version": "0.0.29",
      "resolved": "https://registry.npmjs.org/@types/filesystem/-/filesystem-0.0.29.tgz",
      "integrity": "sha512-85/1KfRedmfPGsbK8YzeaQUyV1FQAvMPMTuWFQ5EkLd2w7szhNO96bk3Rh/SKmOfd9co2rCLf0Voy4o7ECBOvw==",
      "dev": true,
      "requires": {
        "@types/filewriter": "*"
      }
    },
    "@types/filewriter": {
      "version": "0.0.28",
      "resolved": "https://registry.npmjs.org/@types/filewriter/-/filewriter-0.0.28.tgz",
      "integrity": "sha1-wFTor02d11205jq8dviFFocU1LM=",
      "dev": true
    },
    "@types/har-format": {
      "version": "1.2.3",
      "resolved": "https://registry.npmjs.org/@types/har-format/-/har-format-1.2.3.tgz",
      "integrity": "sha512-cMhJlSNURFcSQA3/a6I1FjSa4fknP+rSBz7feR7frp9YKp/B1z4jbo/90DMWv+6G8ZhN90cQfSd4rEv0mWSL5Q=="
    },
    "typescript": {
      "version": "3.2.2",
      "resolved": "https://registry.npmjs.org/typescript/-/typescript-3.2.2.tgz",
      "integrity": "sha512-VCj5UiSyHBjwfYacmDuc/NOk4QQixbE+Wn7MFJuS0nRuPQbof132Pw4u53dm264O8LPc2MVsc7RJNml5szurkg==",
      "dev": true
    }
  }
}
